// !$*UTF8*$!
{
	archiveVersion = 1;
	classes = {
	};
	objectVersion = 48;
	objects = {

/* Begin PBXBuildFile section */
		6000575C1F8168FC00A1421A /* AppDelegate.swift in Sources */ = {isa = PBXBuildFile; fileRef = 6000575B1F8168FC00A1421A /* AppDelegate.swift */; };
		6000575E1F8168FC00A1421A /* ViewController.swift in Sources */ = {isa = PBXBuildFile; fileRef = 6000575D1F8168FC00A1421A /* ViewController.swift */; };
		600057611F8168FC00A1421A /* Main.storyboard in Resources */ = {isa = PBXBuildFile; fileRef = 6000575F1F8168FC00A1421A /* Main.storyboard */; };
		600057631F8168FC00A1421A /* Assets.xcassets in Resources */ = {isa = PBXBuildFile; fileRef = 600057621F8168FC00A1421A /* Assets.xcassets */; };
		600057661F8168FC00A1421A /* LaunchScreen.storyboard in Resources */ = {isa = PBXBuildFile; fileRef = 600057641F8168FC00A1421A /* LaunchScreen.storyboard */; };
/* End PBXBuildFile section */

/* Begin PBXFileReference section */
		600057581F8168FC00A1421A /* MyOpenGLExample.app */ = {isa = PBXFileReference; explicitFileType = wrapper.application; includeInIndex = 0; path = MyOpenGLExample.app; sourceTree = BUILT_PRODUCTS_DIR; };
		6000575B1F8168FC00A1421A /* AppDelegate.swift */ = {isa = PBXFileReference; lastKnownFileType = sourcecode.swift; path = AppDelegate.swift; sourceTree = "<group>"; };
		6000575D1F8168FC00A1421A /* ViewController.swift */ = {isa = PBXFileReference; lastKnownFileType = sourcecode.swift; path = ViewController.swift; sourceTree = "<group>"; };
		600057601F8168FC00A1421A /* Base */ = {isa = PBXFileReference; lastKnownFileType = file.storyboard; name = Base; path = Base.lproj/Main.storyboard; sourceTree = "<group>"; };
		600057621F8168FC00A1421A /* Assets.xcassets */ = {isa = PBXFileReference; lastKnownFileType = folder.assetcatalog; path = Assets.xcassets; sourceTree = "<group>"; };
		600057651F8168FC00A1421A /* Base */ = {isa = PBXFileReference; lastKnownFileType = file.storyboard; name = Base; path = Base.lproj/LaunchScreen.storyboard; sourceTree = "<group>"; };
		600057671F8168FC00A1421A /* Info.plist */ = {isa = PBXFileReference; lastKnownFileType = text.plist.xml; path = Info.plist; sourceTree = "<group>"; };
/* End PBXFileReference section */

/* Begin PBXFrameworksBuildPhase section */
		600057551F8168FC00A1421A /* Frameworks */ = {
			isa = PBXFrameworksBuildPhase;
			buildActionMask = 2147483647;
			files = (
			);
			runOnlyForDeploymentPostprocessing = 0;
		};
/* End PBXFrameworksBuildPhase section */

/* Begin PBXGroup section */
		6000574F1F8168FC00A1421A = {
			isa = PBXGroup;
			children = (
				6000575A1F8168FC00A1421A /* MyOpenGLExample */,
				600057591F8168FC00A1421A /* Products */,
			);
			sourceTree = "<group>";
		};
		600057591F8168FC00A1421A /* Products */ = {
			isa = PBXGroup;
			children = (
				600057581F8168FC00A1421A /* MyOpenGLExample.app */,
			);
			name = Products;
			sourceTree = "<group>";
		};
		6000575A1F8168FC00A1421A /* MyOpenGLExample */ = {
			isa = PBXGroup;
			children = (
				6000575B1F8168FC00A1421A /* AppDelegate.swift */,
				6000575D1F8168FC00A1421A /* ViewController.swift */,
				6000575F1F8168FC00A1421A /* Main.storyboard */,
				600057621F8168FC00A1421A /* Assets.xcassets */,
				600057641F8168FC00A1421A /* LaunchScreen.storyboard */,
				600057671F8168FC00A1421A /* Info.plist */,
			);
			path = MyOpenGLExample;
			sourceTree = "<group>";
		};
/* End PBXGroup section */

/* Begin PBXNativeTarget section */
		600057571F8168FC00A1421A /* MyOpenGLExample */ = {
			isa = PBXNativeTarget;
			buildConfigurationList = 6000576A1F8168FC00A1421A /* Build configuration list for PBXNativeTarget "MyOpenGLExample" */;
			buildPhases = (
				600057541F8168FC00A1421A /* Sources */,
				600057551F8168FC00A1421A /* Frameworks */,
				600057561F8168FC00A1421A /* Resources */,
			);
			buildRules = (
			);
			dependencies = (
			);
			name = MyOpenGLExample;
			productName = MyOpenGLExample;
			productReference = 600057581F8168FC00A1421A /* MyOpenGLExample.app */;
			productType = "com.apple.product-type.application";
		};
/* End PBXNativeTarget section */

/* Begin PBXProject section */
		600057501F8168FC00A1421A /* Project object */ = {
			isa = PBXProject;
			attributes = {
				LastSwiftUpdateCheck = 0900;
				LastUpgradeCheck = 0900;
				ORGANIZATIONNAME = "윤중현";
				TargetAttributes = {
					600057571F8168FC00A1421A = {
						CreatedOnToolsVersion = 9.0;
						ProvisioningStyle = Automatic;
					};
				};
			};
			buildConfigurationList = 600057531F8168FC00A1421A /* Build configuration list for PBXProject "MyOpenGLExample" */;
			compatibilityVersion = "Xcode 8.0";
			developmentRegion = en;
			hasScannedForEncodings = 0;
			knownRegions = (
				en,
				Base,
			);
			mainGroup = 6000574F1F8168FC00A1421A;
			productRefGroup = 600057591F8168FC00A1421A /* Products */;
			projectDirPath = "";
			projectRoot = "";
			targets = (
				600057571F8168FC00A1421A /* MyOpenGLExample */,
			);
		};
/* End PBXProject section */

/* Begin PBXResourcesBuildPhase section */
		600057561F8168FC00A1421A /* Resources */ = {
			isa = PBXResourcesBuildPhase;
			buildActionMask = 2147483647;
			files = (
				600057661F8168FC00A1421A /* LaunchScreen.storyboard in Resources */,
				600057631F8168FC00A1421A /* Assets.xcassets in Resources */,
				600057611F8168FC00A1421A /* Main.storyboard in Resources */,
			);
			runOnlyForDeploymentPostprocessing = 0;
		};
/* End PBXResourcesBuildPhase section */

/* Begin PBXSourcesBuildPhase section */
		600057541F8168FC00A1421A /* Sources */ = {
			isa = PBXSourcesBuildPhase;
			buildActionMask = 2147483647;
			files = (
				6000575E1F8168FC00A1421A /* ViewController.swift in Sources */,
				6000575C1F8168FC00A1421A /* AppDelegate.swift in Sources */,
			);
			runOnlyForDeploymentPostprocessing = 0;
		};
/* End PBXSourcesBuildPhase section */

/* Begin PBXVariantGroup section */
		6000575F1F8168FC00A1421A /* Main.storyboard */ = {
			isa = PBXVariantGroup;
			children = (
				600057601F8168FC00A1421A /* Base */,
			);
			name = Main.storyboard;
			sourceTree = "<group>";
		};
		600057641F8168FC00A1421A /* LaunchScreen.storyboard */ = {
			isa = PBXVariantGroup;
			children = (
				600057651F8168FC00A1421A /* Base */,
			);
			name = LaunchScreen.storyboard;
			sourceTree = "<group>";
		};
/* End PBXVariantGroup section */

/* Begin XCBuildConfiguration section */
		600057681F8168FC00A1421A /* Debug */ = {
			isa = XCBuildConfiguration;
			buildSettings = {
				ALWAYS_SEARCH_USER_PATHS = NO;
				CLANG_ANALYZER_NONNULL = YES;
				CLANG_ANALYZER_NUMBER_OBJECT_CONVERSION = YES_AGGRESSIVE;
				CLANG_CXX_LANGUAGE_STANDARD = "gnu++14";
				CLANG_CXX_LIBRARY = "libc++";
				CLANG_ENABLE_MODULES = YES;
				CLANG_ENABLE_OBJC_ARC = YES;
				CLANG_WARN_BLOCK_CAPTURE_AUTORELEASING = YES;
				CLANG_WARN_BOOL_CONVERSION = YES;
				CLANG_WARN_COMMA = YES;
				CLANG_WARN_CONSTANT_CONVERSION = YES;
				CLANG_WARN_DIRECT_OBJC_ISA_USAGE = YES_ERROR;
				CLANG_WARN_DOCUMENTATION_COMMENTS = YES;
				CLANG_WARN_EMPTY_BODY = YES;
				CLANG_WARN_ENUM_CONVERSION = YES;
				CLANG_WARN_INFINITE_RECURSION = YES;
				CLANG_WARN_INT_CONVERSION = YES;
				CLANG_WARN_NON_LITERAL_NULL_CONVERSION = YES;
				CLANG_WARN_OBJC_LITERAL_CONVERSION = YES;
				CLANG_WARN_OBJC_ROOT_CLASS = YES_ERROR;
				CLANG_WARN_RANGE_LOOP_ANALYSIS = YES;
				CLANG_WARN_STRICT_PROTOTYPES = YES;
				CLANG_WARN_SUSPICIOUS_MOVE = YES;
				CLANG_WARN_UNGUARDED_AVAILABILITY = YES_AGGRESSIVE;
				CLANG_WARN_UNREACHABLE_CODE = YES;
				CLANG_WARN__DUPLICATE_METHOD_MATCH = YES;
				CODE_SIGN_IDENTITY = "iPhone Developer";
				COPY_PHASE_STRIP = NO;
				DEBUG_INFORMATION_FORMAT = dwarf;
				ENABLE_STRICT_OBJC_MSGSEND = YES;
				ENABLE_TESTABILITY = YES;
				GCC_C_LANGUAGE_STANDARD = gnu11;
				GCC_DYNAMIC_NO_PIC = NO;
				GCC_NO_COMMON_BLOCKS = YES;
				GCC_OPTIMIZATION_LEVEL = 0;
				GCC_PREPROCESSOR_DEFINITIONS = (
					"DEBUG=1",
					"$(inherited)",
				);
				GCC_WARN_64_TO_32_BIT_CONVERSION = YES;
				GCC_WARN_ABOUT_RETURN_TYPE = YES_ERROR;
				GCC_WARN_UNDECLARED_SELECTOR = YES;
				GCC_WARN_UNINITIALIZED_AUTOS = YES_AGGRESSIVE;
				GCC_WARN_UNUSED_FUNCTION = YES;
				GCC_WARN_UNUSED_VARIABLE = YES;
				IPHONEOS_DEPLOYMENT_TARGET = 11.0;
				MTL_ENABLE_DEBUG_INFO = YES;
				ONLY_ACTIVE_ARCH = YES;
				SDKROOT = iphoneos;
				SWIFT_ACTIVE_COMPILATION_CONDITIONS = DEBUG;
				SWIFT_OPTIMIZATION_LEVEL = "-Onone";
			};
			name = Debug;
		};
		600057691F8168FC00A1421A /* Release */ = {
			isa = XCBuildConfiguration;
			buildSettings = {
				ALWAYS_SEARCH_USER_PATHS = NO;
				CLANG_ANALYZER_NONNULL = YES;
				CLANG_ANALYZER_NUMBER_OBJECT_CONVERSION = YES_AGGRESSIVE;
				CLANG_CXX_LANGUAGE_STANDARD = "gnu++14";
				CLANG_CXX_LIBRARY = "libc++";
				CLANG_ENABLE_MODULES = YES;
				CLANG_ENABLE_OBJC_ARC = YES;
				CLANG_WARN_BLOCK_CAPTURE_AUTORELEASING = YES;
				CLANG_WARN_BOOL_CONVERSION = YES;
				CLANG_WARN_COMMA = YES;
				CLANG_WARN_CONSTANT_CONVERSION = YES;
				CLANG_WARN_DIRECT_OBJC_ISA_USAGE = YES_ERROR;
				CLANG_WARN_DOCUMENTATION_COMMENTS = YES;
				CLANG_WARN_EMPTY_BODY = YES;
				CLANG_WARN_ENUM_CONVERSION = YES;
				CLANG_WARN_INFINITE_RECURSION = YES;
				CLANG_WARN_INT_CONVERSION = YES;
				CLANG_WARN_NON_LITERAL_NULL_CONVERSION = YES;
				CLANG_WARN_OBJC_LITERAL_CONVERSION = YES;
				CLANG_WARN_OBJC_ROOT_CLASS = YES_ERROR;
				CLANG_WARN_RANGE_LOOP_ANALYSIS = YES;
				CLANG_WARN_STRICT_PROTOTYPES = YES;
				CLANG_WARN_SUSPICIOUS_MOVE = YES;
				CLANG_WARN_UNGUARDED_AVAILABILITY = YES_AGGRESSIVE;
				CLANG_WARN_UNREACHABLE_CODE = YES;
				CLANG_WARN__DUPLICATE_METHOD_MATCH = YES;
				CODE_SIGN_IDENTITY = "iPhone Developer";
				COPY_PHASE_STRIP = NO;
				DEBUG_INFORMATION_FORMAT = "dwarf-with-dsym";
				ENABLE_NS_ASSERTIONS = NO;
				ENABLE_STRICT_OBJC_MSGSEND = YES;
				GCC_C_LANGUAGE_STANDARD = gnu11;
				GCC_NO_COMMON_BLOCKS = YES;
				GCC_WARN_64_TO_32_BIT_CONVERSION = YES;
				GCC_WARN_ABOUT_RETURN_TYPE = YES_ERROR;
				GCC_WARN_UNDECLARED_SELECTOR = YES;
				GCC_WARN_UNINITIALIZED_AUTOS = YES_AGGRESSIVE;
				GCC_WARN_UNUSED_FUNCTION = YES;
				GCC_WARN_UNUSED_VARIABLE = YES;
				IPHONEOS_DEPLOYMENT_TARGET = 11.0;
				MTL_ENABLE_DEBUG_INFO = NO;
				SDKROOT = iphoneos;
				SWIFT_OPTIMIZATION_LEVEL = "-Owholemodule";
				VALIDATE_PRODUCT = YES;
			};
			name = Release;
		};
		6000576B1F8168FC00A1421A /* Debug */ = {
			isa = XCBuildConfiguration;
			buildSettings = {
				ASSETCATALOG_COMPILER_APPICON_NAME = AppIcon;
				CODE_SIGN_STYLE = Automatic;
				DEVELOPMENT_TEAM = 46KGHHF73Q;
				INFOPLIST_FILE = MyOpenGLExample/Info.plist;
				LD_RUNPATH_SEARCH_PATHS = "$(inherited) @executable_path/Frameworks";
				PRODUCT_BUNDLE_IDENTIFIER = tokijh.com.MyOpenGLExample;
				PRODUCT_NAME = "$(TARGET_NAME)";
				SWIFT_VERSION = 4.0;
				TARGETED_DEVICE_FAMILY = "1,2";
			};
			name = Debug;
		};
		6000576C1F8168FC00A1421A /* Release */ = {
			isa = XCBuildConfiguration;
			buildSettings = {
				ASSETCATALOG_COMPILER_APPICON_NAME = AppIcon;
				CODE_SIGN_STYLE = Automatic;
				DEVELOPMENT_TEAM = 46KGHHF73Q;
				INFOPLIST_FILE = MyOpenGLExample/Info.plist;
				LD_RUNPATH_SEARCH_PATHS = "$(inherited) @executable_path/Frameworks";
				PRODUCT_BUNDLE_IDENTIFIER = tokijh.com.MyOpenGLExample;
				PRODUCT_NAME = "$(TARGET_NAME)";
				SWIFT_VERSION = 4.0;
				TARGETED_DEVICE_FAMILY = "1,2";
			};
			name = Release;
		};
/* End XCBuildConfiguration section */

/* Begin XCConfigurationList section */
		600057531F8168FC00A1421A /* Build configuration list for PBXProject "MyOpenGLExample" */ = {
			isa = XCConfigurationList;
			buildConfigurations = (
				600057681F8168FC00A1421A /* Debug */,
				600057691F8168FC00A1421A /* Release */,
			);
			defaultConfigurationIsVisible = 0;
			defaultConfigurationName = Release;
		};
		6000576A1F8168FC00A1421A /* Build configuration list for PBXNativeTarget "MyOpenGLExample" */ = {
			isa = XCConfigurationList;
			buildConfigurations = (
				6000576B1F8168FC00A1421A /* Debug */,
				6000576C1F8168FC00A1421A /* Release */,
			);
			defaultConfigurationIsVisible = 0;
			defaultConfigurationName = Release;
		};
/* End XCConfigurationList section */
	};
	rootObject = 600057501F8168FC00A1421A /* Project object */;
}
